
Microsoft Visual Studio Solution File, Format Version 12.00
# Visual Studio 14
VisualStudioVersion = 14.0.25123.0
MinimumVisualStudioVersion = 10.0.40219.1
Project("{FAE04EC0-301F-11D3-BF4B-00C04F79EFBC}") = "LoginClient", "CheckersClient\LoginClient.csproj", "{B9207F71-F647-4084-9B9E-CA4803A3483B}"
EndProject
Project("{2150E333-8FDC-42A3-9474-1A3956D46DE8}") = "Services", "Services", "{7FE0E127-885A-48F9-B0D4-1C8CE0328717}"
EndProject
Project("{FAE04EC0-301F-11D3-BF4B-00C04F79EFBC}") = "TestLoginClient", "TestClient\TestLoginClient.csproj", "{8DF3C3E8-586E-4AC9-AE37-58459C23D6C1}"
EndProject
Project("{FAE04EC0-301F-11D3-BF4B-00C04F79EFBC}") = "AddService", "AddService\AddService.csproj", "{103F1DCB-7F10-45B2-A09D-56206FC01677}"
EndProject
Project("{2150E333-8FDC-42A3-9474-1A3956D46DE8}") = "DB", "DB", "{C45C7776-FA31-4C44-972F-720C9F2ED9F6}"
EndProject
Project("{FAE04EC0-301F-11D3-BF4B-00C04F79EFBC}") = "DAL", "DAL\DAL.csproj", "{CBF99120-83D1-4B9A-8068-D475FBA62223}"
EndProject
Project("{FAE04EC0-301F-11D3-BF4B-00C04F79EFBC}") = "BL", "BL\BL.csproj", "{2C371C3B-C041-4239-9B78-8399550F1B7F}"
EndProject
Project("{2150E333-8FDC-42A3-9474-1A3956D46DE8}") = "Tests", "Tests", "{A3C9480E-D5CD-4740-BA1D-F26B3B4E7ADD}"
EndProject
Project("{2150E333-8FDC-42A3-9474-1A3956D46DE8}") = "Client", "Client", "{B047169A-DC7A-472D-BD92-D4DBCF2F652E}"
EndProject
Project("{FAE04EC0-301F-11D3-BF4B-00C04F79EFBC}") = "Model", "UsersLib\Model.csproj", "{3FFCB33D-96E2-4D1A-9BAE-B363A128F1BF}"
EndProject
Global
	GlobalSection(SolutionConfigurationPlatforms) = preSolution
		Debug|Any CPU = Debug|Any CPU
		Release|Any CPU = Release|Any CPU
	EndGlobalSection
	GlobalSection(ProjectConfigurationPlatforms) = postSolution
		{B9207F71-F647-4084-9B9E-CA4803A3483B}.Debug|Any CPU.ActiveCfg = Debug|Any CPU
		{B9207F71-F647-4084-9B9E-CA4803A3483B}.Debug|Any CPU.Build.0 = Debug|Any CPU
		{B9207F71-F647-4084-9B9E-CA4803A3483B}.Release|Any CPU.ActiveCfg = Release|Any CPU
		{B9207F71-F647-4084-9B9E-CA4803A3483B}.Release|Any CPU.Build.0 = Release|Any CPU
		{8DF3C3E8-586E-4AC9-AE37-58459C23D6C1}.Debug|Any CPU.ActiveCfg = Debug|Any CPU
		{8DF3C3E8-586E-4AC9-AE37-58459C23D6C1}.Debug|Any CPU.Build.0 = Debug|Any CPU
		{8DF3C3E8-586E-4AC9-AE37-58459C23D6C1}.Release|Any CPU.ActiveCfg = Release|Any CPU
		{8DF3C3E8-586E-4AC9-AE37-58459C23D6C1}.Release|Any CPU.Build.0 = Release|Any CPU
		{103F1DCB-7F10-45B2-A09D-56206FC01677}.Debug|Any CPU.ActiveCfg = Debug|Any CPU
		{103F1DCB-7F10-45B2-A09D-56206FC01677}.Debug|Any CPU.Build.0 = Debug|Any CPU
		{103F1DCB-7F10-45B2-A09D-56206FC01677}.Release|Any CPU.ActiveCfg = Release|Any CPU
		{103F1DCB-7F10-45B2-A09D-56206FC01677}.Release|Any CPU.Build.0 = Release|Any CPU
		{CBF99120-83D1-4B9A-8068-D475FBA62223}.Debug|Any CPU.ActiveCfg = Debug|Any CPU
		{CBF99120-83D1-4B9A-8068-D475FBA62223}.Debug|Any CPU.Build.0 = Debug|Any CPU
		{CBF99120-83D1-4B9A-8068-D475FBA62223}.Release|Any CPU.ActiveCfg = Release|Any CPU
		{CBF99120-83D1-4B9A-8068-D475FBA62223}.Release|Any CPU.Build.0 = Release|Any CPU
		{2C371C3B-C041-4239-9B78-8399550F1B7F}.Debug|Any CPU.ActiveCfg = Debug|Any CPU
		{2C371C3B-C041-4239-9B78-8399550F1B7F}.Debug|Any CPU.Build.0 = Debug|Any CPU
		{2C371C3B-C041-4239-9B78-8399550F1B7F}.Release|Any CPU.ActiveCfg = Release|Any CPU
		{2C371C3B-C041-4239-9B78-8399550F1B7F}.Release|Any CPU.Build.0 = Release|Any CPU
		{3FFCB33D-96E2-4D1A-9BAE-B363A128F1BF}.Debug|Any CPU.ActiveCfg = Debug|Any CPU
		{3FFCB33D-96E2-4D1A-9BAE-B363A128F1BF}.Debug|Any CPU.Build.0 = Debug|Any CPU
		{3FFCB33D-96E2-4D1A-9BAE-B363A128F1BF}.Release|Any CPU.ActiveCfg = Release|Any CPU
		{3FFCB33D-96E2-4D1A-9BAE-B363A128F1BF}.Release|Any CPU.Build.0 = Release|Any CPU
	EndGlobalSection
	GlobalSection(SolutionProperties) = preSolution
		HideSolutionNode = FALSE
	EndGlobalSection
	GlobalSection(NestedProjects) = preSolution
		{B9207F71-F647-4084-9B9E-CA4803A3483B} = {B047169A-DC7A-472D-BD92-D4DBCF2F652E}
		{8DF3C3E8-586E-4AC9-AE37-58459C23D6C1} = {A3C9480E-D5CD-4740-BA1D-F26B3B4E7ADD}
		{103F1DCB-7F10-45B2-A09D-56206FC01677} = {7FE0E127-885A-48F9-B0D4-1C8CE0328717}
		{CBF99120-83D1-4B9A-8068-D475FBA62223} = {C45C7776-FA31-4C44-972F-720C9F2ED9F6}
		{2C371C3B-C041-4239-9B78-8399550F1B7F} = {C45C7776-FA31-4C44-972F-720C9F2ED9F6}
	EndGlobalSection
EndGlobal
